
Microsoft Visual Studio Solution File, Format Version 12.00
# Visual Studio Version 17
VisualStudioVersion = 17.11.35222.181
MinimumVisualStudioVersion = 10.0.40219.1
Project("{FAE04EC0-301F-11D3-BF4B-00C04F79EFBC}") = "BigDecimal", "BigDecimal\BigDecimal.csproj", "{90426294-B47E-42B0-AB1E-82B1E7CB7AE4}"
EndProject
Global
	GlobalSection(SolutionConfigurationPlatforms) = preSolution
		Debug|Any CPU = Debug|Any CPU
		Release|Any CPU = Release|Any CPU
	EndGlobalSection
	GlobalSection(ProjectConfigurationPlatforms) = postSolution
		{90426294-B47E-42B0-AB1E-82B1E7CB7AE4}.Debug|Any CPU.ActiveCfg = Debug|Any CPU
		{90426294-B47E-42B0-AB1E-82B1E7CB7AE4}.Debug|Any CPU.Build.0 = Debug|Any CPU
		{90426294-B47E-42B0-AB1E-82B1E7CB7AE4}.Release|Any CPU.ActiveCfg = Release|Any CPU
		{90426294-B47E-42B0-AB1E-82B1E7CB7AE4}.Release|Any CPU.Build.0 = Release|Any CPU
	EndGlobalSection
	GlobalSection(SolutionProperties) = preSolution
		HideSolutionNode = FALSE
	EndGlobalSection
	GlobalSection(ExtensibilityGlobals) = postSolution
		SolutionGuid = {C72E9515-0B50-4ED6-8AC6-97E8316646BD}
	EndGlobalSection
EndGlobal
